
Microsoft Visual Studio Solution File, Format Version 9.00
# Visual Studio 2005
Project("{FAE04EC0-301F-11D3-BF4B-00C04F79EFBC}") = "safmq.net", "safmq.net\safmq.net.csproj", "{67FED2F6-7D49-4695-9902-F86BE74E8ED9}"
EndProject
Project("{FAE04EC0-301F-11D3-BF4B-00C04F79EFBC}") = "safmq.net.test", "safmq.net.test\safmq.net.test.csproj", "{A3BD466D-2E97-4C12-978B-04F7ADF9D8D4}"
EndProject
Project("{54435603-DBB4-11D2-8724-00A0C9A8B90C}") = "safmq.net.install", "safmq.net.install\safmq.net.install.vdproj", "{1B4FECC8-B3B6-44DC-A67E-C8C432185DFF}"
	ProjectSection(ProjectDependencies) = postProject
		{73CD68FF-0822-4822-929A-E163BD809BBB} = {73CD68FF-0822-4822-929A-E163BD809BBB}
		{F7FBA1F1-0B8F-4C1D-A9C9-666A1051DDB1} = {F7FBA1F1-0B8F-4C1D-A9C9-666A1051DDB1}
		{9FFB49C6-90AB-478C-9E81-D5C6C05CA931} = {9FFB49C6-90AB-478C-9E81-D5C6C05CA931}
		{861A904E-A62E-4CDB-8A41-0B5FD35B04B0} = {861A904E-A62E-4CDB-8A41-0B5FD35B04B0}
		{7167F53A-972D-44E4-A571-84D40561DD66} = {7167F53A-972D-44E4-A571-84D40561DD66}
	EndProjectSection
EndProject
Project("{8BC9CEB8-8B4A-11D0-8D11-00A0C91BC942}") = "SafmqServiceInstaller", "SafmqServiceInstaller\SafmqServiceInstaller\SafmqServiceInstaller.vcproj", "{861A904E-A62E-4CDB-8A41-0B5FD35B04B0}"
EndProject
Project("{8BC9CEB8-8B4A-11D0-8D11-00A0C91BC942}") = "safmq", "..\safmq.vcproj", "{9FFB49C6-90AB-478C-9E81-D5C6C05CA931}"
	ProjectSection(ProjectDependencies) = postProject
		{7167F53A-972D-44E4-A571-84D40561DD66} = {7167F53A-972D-44E4-A571-84D40561DD66}
		{F7FBA1F1-0B8F-4C1D-A9C9-666A1051DDB1} = {F7FBA1F1-0B8F-4C1D-A9C9-666A1051DDB1}
		{73CD68FF-0822-4822-929A-E163BD809BBB} = {73CD68FF-0822-4822-929A-E163BD809BBB}
	EndProjectSection
EndProject
Project("{8BC9CEB8-8B4A-11D0-8D11-00A0C91BC942}") = "safmqlib", "..\lib\safmqlib.vcproj", "{7167F53A-972D-44E4-A571-84D40561DD66}"
EndProject
Project("{8BC9CEB8-8B4A-11D0-8D11-00A0C91BC942}") = "safmqc", "..\utilities\safmqc.vcproj", "{73CD68FF-0822-4822-929A-E163BD809BBB}"
	ProjectSection(ProjectDependencies) = postProject
		{7167F53A-972D-44E4-A571-84D40561DD66} = {7167F53A-972D-44E4-A571-84D40561DD66}
	EndProjectSection
EndProject
Project("{8BC9CEB8-8B4A-11D0-8D11-00A0C91BC942}") = "SAFMQManagerSnapin", "..\SAFMQManagerSnapin\SAFMQManagerSnapin.vcproj", "{F7FBA1F1-0B8F-4C1D-A9C9-666A1051DDB1}"
	ProjectSection(ProjectDependencies) = postProject
		{7167F53A-972D-44E4-A571-84D40561DD66} = {7167F53A-972D-44E4-A571-84D40561DD66}
	EndProjectSection
EndProject
Project("{8BC9CEB8-8B4A-11D0-8D11-00A0C91BC942}") = "safmq_php_win32", "..\php_safmq\safmq_php_win32\safmq_php_win32.vcproj", "{3D61D70A-B474-4DC3-B242-35176BB17666}"
	ProjectSection(ProjectDependencies) = postProject
		{7167F53A-972D-44E4-A571-84D40561DD66} = {7167F53A-972D-44E4-A571-84D40561DD66}
	EndProjectSection
EndProject
Global
	GlobalSection(SolutionConfigurationPlatforms) = preSolution
		Debug Min Dependency|Any CPU = Debug Min Dependency|Any CPU
		Debug Min Dependency|Mixed Platforms = Debug Min Dependency|Mixed Platforms
		Debug Min Dependency|Win32 = Debug Min Dependency|Win32
		Debug SSL Min Dependency|Any CPU = Debug SSL Min Dependency|Any CPU
		Debug SSL Min Dependency|Mixed Platforms = Debug SSL Min Dependency|Mixed Platforms
		Debug SSL Min Dependency|Win32 = Debug SSL Min Dependency|Win32
		Debug SSL|Any CPU = Debug SSL|Any CPU
		Debug SSL|Mixed Platforms = Debug SSL|Mixed Platforms
		Debug SSL|Win32 = Debug SSL|Win32
		Debug|Any CPU = Debug|Any CPU
		Debug|Mixed Platforms = Debug|Mixed Platforms
		Debug|Win32 = Debug|Win32
		Release Min Dependency|Any CPU = Release Min Dependency|Any CPU
		Release Min Dependency|Mixed Platforms = Release Min Dependency|Mixed Platforms
		Release Min Dependency|Win32 = Release Min Dependency|Win32
		Release SSL Min Dependency|Any CPU = Release SSL Min Dependency|Any CPU
		Release SSL Min Dependency|Mixed Platforms = Release SSL Min Dependency|Mixed Platforms
		Release SSL Min Dependency|Win32 = Release SSL Min Dependency|Win32
		Release SSL|Any CPU = Release SSL|Any CPU
		Release SSL|Mixed Platforms = Release SSL|Mixed Platforms
		Release SSL|Win32 = Release SSL|Win32
		Release|Any CPU = Release|Any CPU
		Release|Mixed Platforms = Release|Mixed Platforms
		Release|Win32 = Release|Win32
	EndGlobalSection
	GlobalSection(ProjectConfigurationPlatforms) = postSolution
		{67FED2F6-7D49-4695-9902-F86BE74E8ED9}.Debug Min Dependency|Any CPU.ActiveCfg = Debug|Any CPU
		{67FED2F6-7D49-4695-9902-F86BE74E8ED9}.Debug Min Dependency|Any CPU.Build.0 = Debug|Any CPU
		{67FED2F6-7D49-4695-9902-F86BE74E8ED9}.Debug Min Dependency|Mixed Platforms.ActiveCfg = Debug|Any CPU
		{67FED2F6-7D49-4695-9902-F86BE74E8ED9}.Debug Min Dependency|Mixed Platforms.Build.0 = Debug|Any CPU
		{67FED2F6-7D49-4695-9902-F86BE74E8ED9}.Debug Min Dependency|Win32.ActiveCfg = Debug|Any CPU
		{67FED2F6-7D49-4695-9902-F86BE74E8ED9}.Debug SSL Min Dependency|Any CPU.ActiveCfg = Debug|Any CPU
		{67FED2F6-7D49-4695-9902-F86BE74E8ED9}.Debug SSL Min Dependency|Any CPU.Build.0 = Debug|Any CPU
		{67FED2F6-7D49-4695-9902-F86BE74E8ED9}.Debug SSL Min Dependency|Mixed Platforms.ActiveCfg = Debug|Any CPU
		{67FED2F6-7D49-4695-9902-F86BE74E8ED9}.Debug SSL Min Dependency|Mixed Platforms.Build.0 = Debug|Any CPU
		{67FED2F6-7D49-4695-9902-F86BE74E8ED9}.Debug SSL Min Dependency|Win32.ActiveCfg = Debug|Any CPU
		{67FED2F6-7D49-4695-9902-F86BE74E8ED9}.Debug SSL|Any CPU.ActiveCfg = Debug|Any CPU
		{67FED2F6-7D49-4695-9902-F86BE74E8ED9}.Debug SSL|Any CPU.Build.0 = Debug|Any CPU
		{67FED2F6-7D49-4695-9902-F86BE74E8ED9}.Debug SSL|Mixed Platforms.ActiveCfg = Debug|Any CPU
		{67FED2F6-7D49-4695-9902-F86BE74E8ED9}.Debug SSL|Mixed Platforms.Build.0 = Debug|Any CPU
		{67FED2F6-7D49-4695-9902-F86BE74E8ED9}.Debug SSL|Win32.ActiveCfg = Debug|Any CPU
		{67FED2F6-7D49-4695-9902-F86BE74E8ED9}.Debug|Any CPU.ActiveCfg = Debug|Any CPU
		{67FED2F6-7D49-4695-9902-F86BE74E8ED9}.Debug|Any CPU.Build.0 = Debug|Any CPU
		{67FED2F6-7D49-4695-9902-F86BE74E8ED9}.Debug|Mixed Platforms.ActiveCfg = Debug|Any CPU
		{67FED2F6-7D49-4695-9902-F86BE74E8ED9}.Debug|Mixed Platforms.Build.0 = Debug|Any CPU
		{67FED2F6-7D49-4695-9902-F86BE74E8ED9}.Debug|Win32.ActiveCfg = Debug|Any CPU
		{67FED2F6-7D49-4695-9902-F86BE74E8ED9}.Release Min Dependency|Any CPU.ActiveCfg = Release|Any CPU
		{67FED2F6-7D49-4695-9902-F86BE74E8ED9}.Release Min Dependency|Any CPU.Build.0 = Release|Any CPU
		{67FED2F6-7D49-4695-9902-F86BE74E8ED9}.Release Min Dependency|Mixed Platforms.ActiveCfg = Release|Any CPU
		{67FED2F6-7D49-4695-9902-F86BE74E8ED9}.Release Min Dependency|Mixed Platforms.Build.0 = Release|Any CPU
		{67FED2F6-7D49-4695-9902-F86BE74E8ED9}.Release Min Dependency|Win32.ActiveCfg = Release|Any CPU
		{67FED2F6-7D49-4695-9902-F86BE74E8ED9}.Release SSL Min Dependency|Any CPU.ActiveCfg = Release|Any CPU
		{67FED2F6-7D49-4695-9902-F86BE74E8ED9}.Release SSL Min Dependency|Any CPU.Build.0 = Release|Any CPU
		{67FED2F6-7D49-4695-9902-F86BE74E8ED9}.Release SSL Min Dependency|Mixed Platforms.ActiveCfg = Release|Any CPU
		{67FED2F6-7D49-4695-9902-F86BE74E8ED9}.Release SSL Min Dependency|Mixed Platforms.Build.0 = Release|Any CPU
		{67FED2F6-7D49-4695-9902-F86BE74E8ED9}.Release SSL Min Dependency|Win32.ActiveCfg = Release|Any CPU
		{67FED2F6-7D49-4695-9902-F86BE74E8ED9}.Release SSL|Any CPU.ActiveCfg = Release|Any CPU
		{67FED2F6-7D49-4695-9902-F86BE74E8ED9}.Release SSL|Any CPU.Build.0 = Release|Any CPU
		{67FED2F6-7D49-4695-9902-F86BE74E8ED9}.Release SSL|Mixed Platforms.ActiveCfg = Release|Any CPU
		{67FED2F6-7D49-4695-9902-F86BE74E8ED9}.Release SSL|Mixed Platforms.Build.0 = Release|Any CPU
		{67FED2F6-7D49-4695-9902-F86BE74E8ED9}.Release SSL|Win32.ActiveCfg = Release|Any CPU
		{67FED2F6-7D49-4695-9902-F86BE74E8ED9}.Release|Any CPU.ActiveCfg = Release|Any CPU
		{67FED2F6-7D49-4695-9902-F86BE74E8ED9}.Release|Any CPU.Build.0 = Release|Any CPU
		{67FED2F6-7D49-4695-9902-F86BE74E8ED9}.Release|Mixed Platforms.ActiveCfg = Release|Any CPU
		{67FED2F6-7D49-4695-9902-F86BE74E8ED9}.Release|Mixed Platforms.Build.0 = Release|Any CPU
		{67FED2F6-7D49-4695-9902-F86BE74E8ED9}.Release|Win32.ActiveCfg = Release|Any CPU
		{A3BD466D-2E97-4C12-978B-04F7ADF9D8D4}.Debug Min Dependency|Any CPU.ActiveCfg = Debug|Any CPU
		{A3BD466D-2E97-4C12-978B-04F7ADF9D8D4}.Debug Min Dependency|Any CPU.Build.0 = Debug|Any CPU
		{A3BD466D-2E97-4C12-978B-04F7ADF9D8D4}.Debug Min Dependency|Mixed Platforms.ActiveCfg = Debug|Any CPU
		{A3BD466D-2E97-4C12-978B-04F7ADF9D8D4}.Debug Min Dependency|Mixed Platforms.Build.0 = Debug|Any CPU
		{A3BD466D-2E97-4C12-978B-04F7ADF9D8D4}.Debug Min Dependency|Win32.ActiveCfg = Debug|Any CPU
		{A3BD466D-2E97-4C12-978B-04F7ADF9D8D4}.Debug SSL Min Dependency|Any CPU.ActiveCfg = Debug|Any CPU
		{A3BD466D-2E97-4C12-978B-04F7ADF9D8D4}.Debug SSL Min Dependency|Any CPU.Build.0 = Debug|Any CPU
		{A3BD466D-2E97-4C12-978B-04F7ADF9D8D4}.Debug SSL Min Dependency|Mixed Platforms.ActiveCfg = Debug|Any CPU
		{A3BD466D-2E97-4C12-978B-04F7ADF9D8D4}.Debug SSL Min Dependency|Mixed Platforms.Build.0 = Debug|Any CPU
		{A3BD466D-2E97-4C12-978B-04F7ADF9D8D4}.Debug SSL Min Dependency|Win32.ActiveCfg = Debug|Any CPU
		{A3BD466D-2E97-4C12-978B-04F7ADF9D8D4}.Debug SSL|Any CPU.ActiveCfg = Debug|Any CPU
		{A3BD466D-2E97-4C12-978B-04F7ADF9D8D4}.Debug SSL|Any CPU.Build.0 = Debug|Any CPU
		{A3BD466D-2E97-4C12-978B-04F7ADF9D8D4}.Debug SSL|Mixed Platforms.ActiveCfg = Debug|Any CPU
		{A3BD466D-2E97-4C12-978B-04F7ADF9D8D4}.Debug SSL|Mixed Platforms.Build.0 = Debug|Any CPU
		{A3BD466D-2E97-4C12-978B-04F7ADF9D8D4}.Debug SSL|Win32.ActiveCfg = Debug|Any CPU
		{A3BD466D-2E97-4C12-978B-04F7ADF9D8D4}.Debug|Any CPU.ActiveCfg = Debug|Any CPU
		{A3BD466D-2E97-4C12-978B-04F7ADF9D8D4}.Debug|Any CPU.Build.0 = Debug|Any CPU
		{A3BD466D-2E97-4C12-978B-04F7ADF9D8D4}.Debug|Mixed Platforms.ActiveCfg = Debug|Any CPU
		{A3BD466D-2E97-4C12-978B-04F7ADF9D8D4}.Debug|Mixed Platforms.Build.0 = Debug|Any CPU
		{A3BD466D-2E97-4C12-978B-04F7ADF9D8D4}.Debug|Win32.ActiveCfg = Debug|Any CPU
		{A3BD466D-2E97-4C12-978B-04F7ADF9D8D4}.Release Min Dependency|Any CPU.ActiveCfg = Release|Any CPU
		{A3BD466D-2E97-4C12-978B-04F7ADF9D8D4}.Release Min Dependency|Any CPU.Build.0 = Release|Any CPU
		{A3BD466D-2E97-4C12-978B-04F7ADF9D8D4}.Release Min Dependency|Mixed Platforms.ActiveCfg = Release|Any CPU
		{A3BD466D-2E97-4C12-978B-04F7ADF9D8D4}.Release Min Dependency|Mixed Platforms.Build.0 = Release|Any CPU
		{A3BD466D-2E97-4C12-978B-04F7ADF9D8D4}.Release Min Dependency|Win32.ActiveCfg = Release|Any CPU
		{A3BD466D-2E97-4C12-978B-04F7ADF9D8D4}.Release SSL Min Dependency|Any CPU.ActiveCfg = Release|Any CPU
		{A3BD466D-2E97-4C12-978B-04F7ADF9D8D4}.Release SSL Min Dependency|Any CPU.Build.0 = Release|Any CPU
		{A3BD466D-2E97-4C12-978B-04F7ADF9D8D4}.Release SSL Min Dependency|Mixed Platforms.ActiveCfg = Release|Any CPU
		{A3BD466D-2E97-4C12-978B-04F7ADF9D8D4}.Release SSL Min Dependency|Mixed Platforms.Build.0 = Release|Any CPU
		{A3BD466D-2E97-4C12-978B-04F7ADF9D8D4}.Release SSL Min Dependency|Win32.ActiveCfg = Release|Any CPU
		{A3BD466D-2E97-4C12-978B-04F7ADF9D8D4}.Release SSL|Any CPU.ActiveCfg = Release|Any CPU
		{A3BD466D-2E97-4C12-978B-04F7ADF9D8D4}.Release SSL|Any CPU.Build.0 = Release|Any CPU
		{A3BD466D-2E97-4C12-978B-04F7ADF9D8D4}.Release SSL|Mixed Platforms.ActiveCfg = Release|Any CPU
		{A3BD466D-2E97-4C12-978B-04F7ADF9D8D4}.Release SSL|Mixed Platforms.Build.0 = Release|Any CPU
		{A3BD466D-2E97-4C12-978B-04F7ADF9D8D4}.Release SSL|Win32.ActiveCfg = Release|Any CPU
		{A3BD466D-2E97-4C12-978B-04F7ADF9D8D4}.Release|Any CPU.ActiveCfg = Release|Any CPU
		{A3BD466D-2E97-4C12-978B-04F7ADF9D8D4}.Release|Any CPU.Build.0 = Release|Any CPU
		{A3BD466D-2E97-4C12-978B-04F7ADF9D8D4}.Release|Mixed Platforms.ActiveCfg = Release|Any CPU
		{A3BD466D-2E97-4C12-978B-04F7ADF9D8D4}.Release|Mixed Platforms.Build.0 = Release|Any CPU
		{A3BD466D-2E97-4C12-978B-04F7ADF9D8D4}.Release|Win32.ActiveCfg = Release|Any CPU
		{1B4FECC8-B3B6-44DC-A67E-C8C432185DFF}.Debug Min Dependency|Any CPU.ActiveCfg = Debug
		{1B4FECC8-B3B6-44DC-A67E-C8C432185DFF}.Debug Min Dependency|Any CPU.Build.0 = Debug
		{1B4FECC8-B3B6-44DC-A67E-C8C432185DFF}.Debug Min Dependency|Mixed Platforms.ActiveCfg = Debug
		{1B4FECC8-B3B6-44DC-A67E-C8C432185DFF}.Debug Min Dependency|Mixed Platforms.Build.0 = Debug
		{1B4FECC8-B3B6-44DC-A67E-C8C432185DFF}.Debug Min Dependency|Win32.ActiveCfg = Debug
		{1B4FECC8-B3B6-44DC-A67E-C8C432185DFF}.Debug Min Dependency|Win32.Build.0 = Debug
		{1B4FECC8-B3B6-44DC-A67E-C8C432185DFF}.Debug SSL Min Dependency|Any CPU.ActiveCfg = Debug
		{1B4FECC8-B3B6-44DC-A67E-C8C432185DFF}.Debug SSL Min Dependency|Any CPU.Build.0 = Debug
		{1B4FECC8-B3B6-44DC-A67E-C8C432185DFF}.Debug SSL Min Dependency|Mixed Platforms.ActiveCfg = Debug
		{1B4FECC8-B3B6-44DC-A67E-C8C432185DFF}.Debug SSL Min Dependency|Mixed Platforms.Build.0 = Debug
		{1B4FECC8-B3B6-44DC-A67E-C8C432185DFF}.Debug SSL Min Dependency|Win32.ActiveCfg = Debug
		{1B4FECC8-B3B6-44DC-A67E-C8C432185DFF}.Debug SSL Min Dependency|Win32.Build.0 = Debug
		{1B4FECC8-B3B6-44DC-A67E-C8C432185DFF}.Debug SSL|Any CPU.ActiveCfg = Debug
		{1B4FECC8-B3B6-44DC-A67E-C8C432185DFF}.Debug SSL|Any CPU.Build.0 = Debug
		{1B4FECC8-B3B6-44DC-A67E-C8C432185DFF}.Debug SSL|Mixed Platforms.ActiveCfg = Debug
		{1B4FECC8-B3B6-44DC-A67E-C8C432185DFF}.Debug SSL|Mixed Platforms.Build.0 = Debug
		{1B4FECC8-B3B6-44DC-A67E-C8C432185DFF}.Debug SSL|Win32.ActiveCfg = Debug
		{1B4FECC8-B3B6-44DC-A67E-C8C432185DFF}.Debug SSL|Win32.Build.0 = Debug
		{1B4FECC8-B3B6-44DC-A67E-C8C432185DFF}.Debug|Any CPU.ActiveCfg = Debug
		{1B4FECC8-B3B6-44DC-A67E-C8C432185DFF}.Debug|Any CPU.Build.0 = Debug
		{1B4FECC8-B3B6-44DC-A67E-C8C432185DFF}.Debug|Mixed Platforms.ActiveCfg = Debug
		{1B4FECC8-B3B6-44DC-A67E-C8C432185DFF}.Debug|Mixed Platforms.Build.0 = Debug
		{1B4FECC8-B3B6-44DC-A67E-C8C432185DFF}.Debug|Win32.ActiveCfg = Debug
		{1B4FECC8-B3B6-44DC-A67E-C8C432185DFF}.Debug|Win32.Build.0 = Debug
		{1B4FECC8-B3B6-44DC-A67E-C8C432185DFF}.Release Min Dependency|Any CPU.ActiveCfg = Release
		{1B4FECC8-B3B6-44DC-A67E-C8C432185DFF}.Release Min Dependency|Any CPU.Build.0 = Release
		{1B4FECC8-B3B6-44DC-A67E-C8C432185DFF}.Release Min Dependency|Mixed Platforms.ActiveCfg = Release
		{1B4FECC8-B3B6-44DC-A67E-C8C432185DFF}.Release Min Dependency|Mixed Platforms.Build.0 = Release
		{1B4FECC8-B3B6-44DC-A67E-C8C432185DFF}.Release Min Dependency|Win32.ActiveCfg = Release
		{1B4FECC8-B3B6-44DC-A67E-C8C432185DFF}.Release Min Dependency|Win32.Build.0 = Release
		{1B4FECC8-B3B6-44DC-A67E-C8C432185DFF}.Release SSL Min Dependency|Any CPU.ActiveCfg = Release
		{1B4FECC8-B3B6-44DC-A67E-C8C432185DFF}.Release SSL Min Dependency|Any CPU.Build.0 = Release
		{1B4FECC8-B3B6-44DC-A67E-C8C432185DFF}.Release SSL Min Dependency|Mixed Platforms.ActiveCfg = Release
		{1B4FECC8-B3B6-44DC-A67E-C8C432185DFF}.Release SSL Min Dependency|Mixed Platforms.Build.0 = Release
		{1B4FECC8-B3B6-44DC-A67E-C8C432185DFF}.Release SSL Min Dependency|Win32.ActiveCfg = Release
		{1B4FECC8-B3B6-44DC-A67E-C8C432185DFF}.Release SSL Min Dependency|Win32.Build.0 = Release
		{1B4FECC8-B3B6-44DC-A67E-C8C432185DFF}.Release SSL|Any CPU.ActiveCfg = Release
		{1B4FECC8-B3B6-44DC-A67E-C8C432185DFF}.Release SSL|Any CPU.Build.0 = Release
		{1B4FECC8-B3B6-44DC-A67E-C8C432185DFF}.Release SSL|Mixed Platforms.ActiveCfg = Release
		{1B4FECC8-B3B6-44DC-A67E-C8C432185DFF}.Release SSL|Mixed Platforms.Build.0 = Release
		{1B4FECC8-B3B6-44DC-A67E-C8C432185DFF}.Release SSL|Win32.ActiveCfg = Release
		{1B4FECC8-B3B6-44DC-A67E-C8C432185DFF}.Release SSL|Win32.Build.0 = Release
		{1B4FECC8-B3B6-44DC-A67E-C8C432185DFF}.Release|Any CPU.ActiveCfg = Release
		{1B4FECC8-B3B6-44DC-A67E-C8C432185DFF}.Release|Any CPU.Build.0 = Release
		{1B4FECC8-B3B6-44DC-A67E-C8C432185DFF}.Release|Mixed Platforms.ActiveCfg = Release
		{1B4FECC8-B3B6-44DC-A67E-C8C432185DFF}.Release|Mixed Platforms.Build.0 = Release
		{1B4FECC8-B3B6-44DC-A67E-C8C432185DFF}.Release|Win32.ActiveCfg = Release
		{1B4FECC8-B3B6-44DC-A67E-C8C432185DFF}.Release|Win32.Build.0 = Release
		{861A904E-A62E-4CDB-8A41-0B5FD35B04B0}.Debug Min Dependency|Any CPU.ActiveCfg = Debug|Win32
		{861A904E-A62E-4CDB-8A41-0B5FD35B04B0}.Debug Min Dependency|Mixed Platforms.ActiveCfg = Debug|Win32
		{861A904E-A62E-4CDB-8A41-0B5FD35B04B0}.Debug Min Dependency|Mixed Platforms.Build.0 = Debug|Win32
		{861A904E-A62E-4CDB-8A41-0B5FD35B04B0}.Debug Min Dependency|Win32.ActiveCfg = Debug|Win32
		{861A904E-A62E-4CDB-8A41-0B5FD35B04B0}.Debug Min Dependency|Win32.Build.0 = Debug|Win32
		{861A904E-A62E-4CDB-8A41-0B5FD35B04B0}.Debug SSL Min Dependency|Any CPU.ActiveCfg = Debug|Win32
		{861A904E-A62E-4CDB-8A41-0B5FD35B04B0}.Debug SSL Min Dependency|Mixed Platforms.ActiveCfg = Debug|Win32
		{861A904E-A62E-4CDB-8A41-0B5FD35B04B0}.Debug SSL Min Dependency|Mixed Platforms.Build.0 = Debug|Win32
		{861A904E-A62E-4CDB-8A41-0B5FD35B04B0}.Debug SSL Min Dependency|Win32.ActiveCfg = Debug|Win32
		{861A904E-A62E-4CDB-8A41-0B5FD35B04B0}.Debug SSL Min Dependency|Win32.Build.0 = Debug|Win32
		{861A904E-A62E-4CDB-8A41-0B5FD35B04B0}.Debug SSL|Any CPU.ActiveCfg = Debug|Win32
		{861A904E-A62E-4CDB-8A41-0B5FD35B04B0}.Debug SSL|Mixed Platforms.ActiveCfg = Debug|Win32
		{861A904E-A62E-4CDB-8A41-0B5FD35B04B0}.Debug SSL|Mixed Platforms.Build.0 = Debug|Win32
		{861A904E-A62E-4CDB-8A41-0B5FD35B04B0}.Debug SSL|Win32.ActiveCfg = Debug|Win32
		{861A904E-A62E-4CDB-8A41-0B5FD35B04B0}.Debug SSL|Win32.Build.0 = Debug|Win32
		{861A904E-A62E-4CDB-8A41-0B5FD35B04B0}.Debug|Any CPU.ActiveCfg = Debug|Win32
		{861A904E-A62E-4CDB-8A41-0B5FD35B04B0}.Debug|Mixed Platforms.ActiveCfg = Debug|Win32
		{861A904E-A62E-4CDB-8A41-0B5FD35B04B0}.Debug|Mixed Platforms.Build.0 = Debug|Win32
		{861A904E-A62E-4CDB-8A41-0B5FD35B04B0}.Debug|Win32.ActiveCfg = Debug|Win32
		{861A904E-A62E-4CDB-8A41-0B5FD35B04B0}.Debug|Win32.Build.0 = Debug|Win32
		{861A904E-A62E-4CDB-8A41-0B5FD35B04B0}.Release Min Dependency|Any CPU.ActiveCfg = Release|Win32
		{861A904E-A62E-4CDB-8A41-0B5FD35B04B0}.Release Min Dependency|Mixed Platforms.ActiveCfg = Release|Win32
		{861A904E-A62E-4CDB-8A41-0B5FD35B04B0}.Release Min Dependency|Mixed Platforms.Build.0 = Release|Win32
		{861A904E-A62E-4CDB-8A41-0B5FD35B04B0}.Release Min Dependency|Win32.ActiveCfg = Release|Win32
		{861A904E-A62E-4CDB-8A41-0B5FD35B04B0}.Release Min Dependency|Win32.Build.0 = Release|Win32
		{861A904E-A62E-4CDB-8A41-0B5FD35B04B0}.Release SSL Min Dependency|Any CPU.ActiveCfg = Release|Win32
		{861A904E-A62E-4CDB-8A41-0B5FD35B04B0}.Release SSL Min Dependency|Mixed Platforms.ActiveCfg = Release|Win32
		{861A904E-A62E-4CDB-8A41-0B5FD35B04B0}.Release SSL Min Dependency|Mixed Platforms.Build.0 = Release|Win32
		{861A904E-A62E-4CDB-8A41-0B5FD35B04B0}.Release SSL Min Dependency|Win32.ActiveCfg = Release|Win32
		{861A904E-A62E-4CDB-8A41-0B5FD35B04B0}.Release SSL Min Dependency|Win32.Build.0 = Release|Win32
		{861A904E-A62E-4CDB-8A41-0B5FD35B04B0}.Release SSL|Any CPU.ActiveCfg = Release|Win32
		{861A904E-A62E-4CDB-8A41-0B5FD35B04B0}.Release SSL|Mixed Platforms.ActiveCfg = Release|Win32
		{861A904E-A62E-4CDB-8A41-0B5FD35B04B0}.Release SSL|Mixed Platforms.Build.0 = Release|Win32
		{861A904E-A62E-4CDB-8A41-0B5FD35B04B0}.Release SSL|Win32.ActiveCfg = Release|Win32
		{861A904E-A62E-4CDB-8A41-0B5FD35B04B0}.Release SSL|Win32.Build.0 = Release|Win32
		{861A904E-A62E-4CDB-8A41-0B5FD35B04B0}.Release|Any CPU.ActiveCfg = Release|Win32
		{861A904E-A62E-4CDB-8A41-0B5FD35B04B0}.Release|Mixed Platforms.ActiveCfg = Release|Win32
		{861A904E-A62E-4CDB-8A41-0B5FD35B04B0}.Release|Mixed Platforms.Build.0 = Release|Win32
		{861A904E-A62E-4CDB-8A41-0B5FD35B04B0}.Release|Win32.ActiveCfg = Release|Win32
		{861A904E-A62E-4CDB-8A41-0B5FD35B04B0}.Release|Win32.Build.0 = Release|Win32
		{9FFB49C6-90AB-478C-9E81-D5C6C05CA931}.Debug Min Dependency|Any CPU.ActiveCfg = Debug SSL|Win32
		{9FFB49C6-90AB-478C-9E81-D5C6C05CA931}.Debug Min Dependency|Mixed Platforms.ActiveCfg = Debug SSL|Win32
		{9FFB49C6-90AB-478C-9E81-D5C6C05CA931}.Debug Min Dependency|Mixed Platforms.Build.0 = Debug SSL|Win32
		{9FFB49C6-90AB-478C-9E81-D5C6C05CA931}.Debug Min Dependency|Win32.ActiveCfg = Debug SSL|Win32
		{9FFB49C6-90AB-478C-9E81-D5C6C05CA931}.Debug Min Dependency|Win32.Build.0 = Debug SSL|Win32
		{9FFB49C6-90AB-478C-9E81-D5C6C05CA931}.Debug SSL Min Dependency|Any CPU.ActiveCfg = Debug SSL|Win32
		{9FFB49C6-90AB-478C-9E81-D5C6C05CA931}.Debug SSL Min Dependency|Mixed Platforms.ActiveCfg = Debug SSL|Win32
		{9FFB49C6-90AB-478C-9E81-D5C6C05CA931}.Debug SSL Min Dependency|Mixed Platforms.Build.0 = Debug SSL|Win32
		{9FFB49C6-90AB-478C-9E81-D5C6C05CA931}.Debug SSL Min Dependency|Win32.ActiveCfg = Debug SSL|Win32
		{9FFB49C6-90AB-478C-9E81-D5C6C05CA931}.Debug SSL Min Dependency|Win32.Build.0 = Debug SSL|Win32
		{9FFB49C6-90AB-478C-9E81-D5C6C05CA931}.Debug SSL|Any CPU.ActiveCfg = Debug SSL|Win32
		{9FFB49C6-90AB-478C-9E81-D5C6C05CA931}.Debug SSL|Mixed Platforms.ActiveCfg = Debug SSL|Win32
		{9FFB49C6-90AB-478C-9E81-D5C6C05CA931}.Debug SSL|Mixed Platforms.Build.0 = Debug SSL|Win32
		{9FFB49C6-90AB-478C-9E81-D5C6C05CA931}.Debug SSL|Win32.ActiveCfg = Debug SSL|Win32
		{9FFB49C6-90AB-478C-9E81-D5C6C05CA931}.Debug SSL|Win32.Build.0 = Debug SSL|Win32
		{9FFB49C6-90AB-478C-9E81-D5C6C05CA931}.Debug|Any CPU.ActiveCfg = Debug|Win32
		{9FFB49C6-90AB-478C-9E81-D5C6C05CA931}.Debug|Mixed Platforms.ActiveCfg = Debug|Win32
		{9FFB49C6-90AB-478C-9E81-D5C6C05CA931}.Debug|Mixed Platforms.Build.0 = Debug|Win32
		{9FFB49C6-90AB-478C-9E81-D5C6C05CA931}.Debug|Win32.ActiveCfg = Debug|Win32
		{9FFB49C6-90AB-478C-9E81-D5C6C05CA931}.Debug|Win32.Build.0 = Debug|Win32
		{9FFB49C6-90AB-478C-9E81-D5C6C05CA931}.Release Min Dependency|Any CPU.ActiveCfg = Release SSL|Win32
		{9FFB49C6-90AB-478C-9E81-D5C6C05CA931}.Release Min Dependency|Mixed Platforms.ActiveCfg = Release SSL|Win32
		{9FFB49C6-90AB-478C-9E81-D5C6C05CA931}.Release Min Dependency|Mixed Platforms.Build.0 = Release SSL|Win32
		{9FFB49C6-90AB-478C-9E81-D5C6C05CA931}.Release Min Dependency|Win32.ActiveCfg = Release SSL|Win32
		{9FFB49C6-90AB-478C-9E81-D5C6C05CA931}.Release Min Dependency|Win32.Build.0 = Release SSL|Win32
		{9FFB49C6-90AB-478C-9E81-D5C6C05CA931}.Release SSL Min Dependency|Any CPU.ActiveCfg = Release SSL|Win32
		{9FFB49C6-90AB-478C-9E81-D5C6C05CA931}.Release SSL Min Dependency|Mixed Platforms.ActiveCfg = Release SSL|Win32
		{9FFB49C6-90AB-478C-9E81-D5C6C05CA931}.Release SSL Min Dependency|Mixed Platforms.Build.0 = Release SSL|Win32
		{9FFB49C6-90AB-478C-9E81-D5C6C05CA931}.Release SSL Min Dependency|Win32.ActiveCfg = Release SSL|Win32
		{9FFB49C6-90AB-478C-9E81-D5C6C05CA931}.Release SSL Min Dependency|Win32.Build.0 = Release SSL|Win32
		{9FFB49C6-90AB-478C-9E81-D5C6C05CA931}.Release SSL|Any CPU.ActiveCfg = Release SSL|Win32
		{9FFB49C6-90AB-478C-9E81-D5C6C05CA931}.Release SSL|Mixed Platforms.ActiveCfg = Release SSL|Win32
		{9FFB49C6-90AB-478C-9E81-D5C6C05CA931}.Release SSL|Mixed Platforms.Build.0 = Release SSL|Win32
		{9FFB49C6-90AB-478C-9E81-D5C6C05CA931}.Release SSL|Win32.ActiveCfg = Release SSL|Win32
		{9FFB49C6-90AB-478C-9E81-D5C6C05CA931}.Release SSL|Win32.Build.0 = Release SSL|Win32
		{9FFB49C6-90AB-478C-9E81-D5C6C05CA931}.Release|Any CPU.ActiveCfg = Release|Win32
		{9FFB49C6-90AB-478C-9E81-D5C6C05CA931}.Release|Mixed Platforms.ActiveCfg = Release|Win32
		{9FFB49C6-90AB-478C-9E81-D5C6C05CA931}.Release|Mixed Platforms.Build.0 = Release|Win32
		{9FFB49C6-90AB-478C-9E81-D5C6C05CA931}.Release|Win32.ActiveCfg = Release|Win32
		{9FFB49C6-90AB-478C-9E81-D5C6C05CA931}.Release|Win32.Build.0 = Release|Win32
		{7167F53A-972D-44E4-A571-84D40561DD66}.Debug Min Dependency|Any CPU.ActiveCfg = Debug Min Dependency|Win32
		{7167F53A-972D-44E4-A571-84D40561DD66}.Debug Min Dependency|Mixed Platforms.ActiveCfg = Debug Min Dependency|Win32
		{7167F53A-972D-44E4-A571-84D40561DD66}.Debug Min Dependency|Mixed Platforms.Build.0 = Debug Min Dependency|Win32
		{7167F53A-972D-44E4-A571-84D40561DD66}.Debug Min Dependency|Win32.ActiveCfg = Debug Min Dependency|Win32
		{7167F53A-972D-44E4-A571-84D40561DD66}.Debug Min Dependency|Win32.Build.0 = Debug Min Dependency|Win32
		{7167F53A-972D-44E4-A571-84D40561DD66}.Debug SSL Min Dependency|Any CPU.ActiveCfg = Debug SSL Min Dependency|Win32
		{7167F53A-972D-44E4-A571-84D40561DD66}.Debug SSL Min Dependency|Mixed Platforms.ActiveCfg = Debug SSL Min Dependency|Win32
		{7167F53A-972D-44E4-A571-84D40561DD66}.Debug SSL Min Dependency|Mixed Platforms.Build.0 = Debug SSL Min Dependency|Win32
		{7167F53A-972D-44E4-A571-84D40561DD66}.Debug SSL Min Dependency|Win32.ActiveCfg = Debug SSL Min Dependency|Win32
		{7167F53A-972D-44E4-A571-84D40561DD66}.Debug SSL Min Dependency|Win32.Build.0 = Debug SSL Min Dependency|Win32
		{7167F53A-972D-44E4-A571-84D40561DD66}.Debug SSL|Any CPU.ActiveCfg = Debug SSL|Win32
		{7167F53A-972D-44E4-A571-84D40561DD66}.Debug SSL|Mixed Platforms.ActiveCfg = Debug SSL|Win32
		{7167F53A-972D-44E4-A571-84D40561DD66}.Debug SSL|Mixed Platforms.Build.0 = Debug SSL|Win32
		{7167F53A-972D-44E4-A571-84D40561DD66}.Debug SSL|Win32.ActiveCfg = Debug SSL|Win32
		{7167F53A-972D-44E4-A571-84D40561DD66}.Debug SSL|Win32.Build.0 = Debug SSL|Win32
		{7167F53A-972D-44E4-A571-84D40561DD66}.Debug|Any CPU.ActiveCfg = Debug|Win32
		{7167F53A-972D-44E4-A571-84D40561DD66}.Debug|Mixed Platforms.ActiveCfg = Debug|Win32
		{7167F53A-972D-44E4-A571-84D40561DD66}.Debug|Mixed Platforms.Build.0 = Debug|Win32
		{7167F53A-972D-44E4-A571-84D40561DD66}.Debug|Win32.ActiveCfg = Debug|Win32
		{7167F53A-972D-44E4-A571-84D40561DD66}.Debug|Win32.Build.0 = Debug|Win32
		{7167F53A-972D-44E4-A571-84D40561DD66}.Release Min Dependency|Any CPU.ActiveCfg = Release Min Dependency|Win32
		{7167F53A-972D-44E4-A571-84D40561DD66}.Release Min Dependency|Mixed Platforms.ActiveCfg = Release Min Dependency|Win32
		{7167F53A-972D-44E4-A571-84D40561DD66}.Release Min Dependency|Mixed Platforms.Build.0 = Release Min Dependency|Win32
		{7167F53A-972D-44E4-A571-84D40561DD66}.Release Min Dependency|Win32.ActiveCfg = Release Min Dependency|Win32
		{7167F53A-972D-44E4-A571-84D40561DD66}.Release Min Dependency|Win32.Build.0 = Release Min Dependency|Win32
		{7167F53A-972D-44E4-A571-84D40561DD66}.Release SSL Min Dependency|Any CPU.ActiveCfg = Release SSL Min Dependency|Win32
		{7167F53A-972D-44E4-A571-84D40561DD66}.Release SSL Min Dependency|Mixed Platforms.ActiveCfg = Release SSL Min Dependency|Win32
		{7167F53A-972D-44E4-A571-84D40561DD66}.Release SSL Min Dependency|Mixed Platforms.Build.0 = Release SSL Min Dependency|Win32
		{7167F53A-972D-44E4-A571-84D40561DD66}.Release SSL Min Dependency|Win32.ActiveCfg = Release SSL Min Dependency|Win32
		{7167F53A-972D-44E4-A571-84D40561DD66}.Release SSL Min Dependency|Win32.Build.0 = Release SSL Min Dependency|Win32
		{7167F53A-972D-44E4-A571-84D40561DD66}.Release SSL|Any CPU.ActiveCfg = Release SSL|Win32
		{7167F53A-972D-44E4-A571-84D40561DD66}.Release SSL|Mixed Platforms.ActiveCfg = Release SSL|Win32
		{7167F53A-972D-44E4-A571-84D40561DD66}.Release SSL|Mixed Platforms.Build.0 = Release SSL|Win32
		{7167F53A-972D-44E4-A571-84D40561DD66}.Release SSL|Win32.ActiveCfg = Release SSL|Win32
		{7167F53A-972D-44E4-A571-84D40561DD66}.Release SSL|Win32.Build.0 = Release SSL|Win32
		{7167F53A-972D-44E4-A571-84D40561DD66}.Release|Any CPU.ActiveCfg = Release|Win32
		{7167F53A-972D-44E4-A571-84D40561DD66}.Release|Mixed Platforms.ActiveCfg = Release|Win32
		{7167F53A-972D-44E4-A571-84D40561DD66}.Release|Mixed Platforms.Build.0 = Release|Win32
		{7167F53A-972D-44E4-A571-84D40561DD66}.Release|Win32.ActiveCfg = Release|Win32
		{7167F53A-972D-44E4-A571-84D40561DD66}.Release|Win32.Build.0 = Release|Win32
		{73CD68FF-0822-4822-929A-E163BD809BBB}.Debug Min Dependency|Any CPU.ActiveCfg = Debug SSL|Win32
		{73CD68FF-0822-4822-929A-E163BD809BBB}.Debug Min Dependency|Mixed Platforms.ActiveCfg = Debug SSL|Win32
		{73CD68FF-0822-4822-929A-E163BD809BBB}.Debug Min Dependency|Mixed Platforms.Build.0 = Debug SSL|Win32
		{73CD68FF-0822-4822-929A-E163BD809BBB}.Debug Min Dependency|Win32.ActiveCfg = Debug SSL|Win32
		{73CD68FF-0822-4822-929A-E163BD809BBB}.Debug Min Dependency|Win32.Build.0 = Debug SSL|Win32
		{73CD68FF-0822-4822-929A-E163BD809BBB}.Debug SSL Min Dependency|Any CPU.ActiveCfg = Debug SSL|Win32
		{73CD68FF-0822-4822-929A-E163BD809BBB}.Debug SSL Min Dependency|Mixed Platforms.ActiveCfg = Debug SSL|Win32
		{73CD68FF-0822-4822-929A-E163BD809BBB}.Debug SSL Min Dependency|Mixed Platforms.Build.0 = Debug SSL|Win32
		{73CD68FF-0822-4822-929A-E163BD809BBB}.Debug SSL Min Dependency|Win32.ActiveCfg = Debug SSL|Win32
		{73CD68FF-0822-4822-929A-E163BD809BBB}.Debug SSL Min Dependency|Win32.Build.0 = Debug SSL|Win32
		{73CD68FF-0822-4822-929A-E163BD809BBB}.Debug SSL|Any CPU.ActiveCfg = Debug SSL|Win32
		{73CD68FF-0822-4822-929A-E163BD809BBB}.Debug SSL|Mixed Platforms.ActiveCfg = Debug SSL|Win32
		{73CD68FF-0822-4822-929A-E163BD809BBB}.Debug SSL|Mixed Platforms.Build.0 = Debug SSL|Win32
		{73CD68FF-0822-4822-929A-E163BD809BBB}.Debug SSL|Win32.ActiveCfg = Debug SSL|Win32
		{73CD68FF-0822-4822-929A-E163BD809BBB}.Debug SSL|Win32.Build.0 = Debug SSL|Win32
		{73CD68FF-0822-4822-929A-E163BD809BBB}.Debug|Any CPU.ActiveCfg = Debug|Win32
		{73CD68FF-0822-4822-929A-E163BD809BBB}.Debug|Mixed Platforms.ActiveCfg = Debug|Win32
		{73CD68FF-0822-4822-929A-E163BD809BBB}.Debug|Mixed Platforms.Build.0 = Debug|Win32
		{73CD68FF-0822-4822-929A-E163BD809BBB}.Debug|Win32.ActiveCfg = Debug|Win32
		{73CD68FF-0822-4822-929A-E163BD809BBB}.Debug|Win32.Build.0 = Debug|Win32
		{73CD68FF-0822-4822-929A-E163BD809BBB}.Release Min Dependency|Any CPU.ActiveCfg = Release SSL|Win32
		{73CD68FF-0822-4822-929A-E163BD809BBB}.Release Min Dependency|Mixed Platforms.ActiveCfg = Release SSL|Win32
		{73CD68FF-0822-4822-929A-E163BD809BBB}.Release Min Dependency|Mixed Platforms.Build.0 = Release SSL|Win32
		{73CD68FF-0822-4822-929A-E163BD809BBB}.Release Min Dependency|Win32.ActiveCfg = Release SSL|Win32
		{73CD68FF-0822-4822-929A-E163BD809BBB}.Release Min Dependency|Win32.Build.0 = Release SSL|Win32
		{73CD68FF-0822-4822-929A-E163BD809BBB}.Release SSL Min Dependency|Any CPU.ActiveCfg = Release SSL|Win32
		{73CD68FF-0822-4822-929A-E163BD809BBB}.Release SSL Min Dependency|Mixed Platforms.ActiveCfg = Release SSL|Win32
		{73CD68FF-0822-4822-929A-E163BD809BBB}.Release SSL Min Dependency|Mixed Platforms.Build.0 = Release SSL|Win32
		{73CD68FF-0822-4822-929A-E163BD809BBB}.Release SSL Min Dependency|Win32.ActiveCfg = Release SSL|Win32
		{73CD68FF-0822-4822-929A-E163BD809BBB}.Release SSL Min Dependency|Win32.Build.0 = Release SSL|Win32
		{73CD68FF-0822-4822-929A-E163BD809BBB}.Release SSL|Any CPU.ActiveCfg = Release SSL|Win32
		{73CD68FF-0822-4822-929A-E163BD809BBB}.Release SSL|Mixed Platforms.ActiveCfg = Release SSL|Win32
		{73CD68FF-0822-4822-929A-E163BD809BBB}.Release SSL|Mixed Platforms.Build.0 = Release SSL|Win32
		{73CD68FF-0822-4822-929A-E163BD809BBB}.Release SSL|Win32.ActiveCfg = Release SSL|Win32
		{73CD68FF-0822-4822-929A-E163BD809BBB}.Release SSL|Win32.Build.0 = Release SSL|Win32
		{73CD68FF-0822-4822-929A-E163BD809BBB}.Release|Any CPU.ActiveCfg = Release|Win32
		{73CD68FF-0822-4822-929A-E163BD809BBB}.Release|Mixed Platforms.ActiveCfg = Release|Win32
		{73CD68FF-0822-4822-929A-E163BD809BBB}.Release|Mixed Platforms.Build.0 = Release|Win32
		{73CD68FF-0822-4822-929A-E163BD809BBB}.Release|Win32.ActiveCfg = Release|Win32
		{73CD68FF-0822-4822-929A-E163BD809BBB}.Release|Win32.Build.0 = Release|Win32
		{F7FBA1F1-0B8F-4C1D-A9C9-666A1051DDB1}.Debug Min Dependency|Any CPU.ActiveCfg = Debug SSL|Win32
		{F7FBA1F1-0B8F-4C1D-A9C9-666A1051DDB1}.Debug Min Dependency|Mixed Platforms.ActiveCfg = Debug SSL|Win32
		{F7FBA1F1-0B8F-4C1D-A9C9-666A1051DDB1}.Debug Min Dependency|Mixed Platforms.Build.0 = Debug SSL|Win32
		{F7FBA1F1-0B8F-4C1D-A9C9-666A1051DDB1}.Debug Min Dependency|Win32.ActiveCfg = Debug SSL|Win32
		{F7FBA1F1-0B8F-4C1D-A9C9-666A1051DDB1}.Debug Min Dependency|Win32.Build.0 = Debug SSL|Win32
		{F7FBA1F1-0B8F-4C1D-A9C9-666A1051DDB1}.Debug SSL Min Dependency|Any CPU.ActiveCfg = Debug SSL|Win32
		{F7FBA1F1-0B8F-4C1D-A9C9-666A1051DDB1}.Debug SSL Min Dependency|Mixed Platforms.ActiveCfg = Debug SSL|Win32
		{F7FBA1F1-0B8F-4C1D-A9C9-666A1051DDB1}.Debug SSL Min Dependency|Mixed Platforms.Build.0 = Debug SSL|Win32
		{F7FBA1F1-0B8F-4C1D-A9C9-666A1051DDB1}.Debug SSL Min Dependency|Win32.ActiveCfg = Debug SSL|Win32
		{F7FBA1F1-0B8F-4C1D-A9C9-666A1051DDB1}.Debug SSL Min Dependency|Win32.Build.0 = Debug SSL|Win32
		{F7FBA1F1-0B8F-4C1D-A9C9-666A1051DDB1}.Debug SSL|Any CPU.ActiveCfg = Debug SSL|Win32
		{F7FBA1F1-0B8F-4C1D-A9C9-666A1051DDB1}.Debug SSL|Mixed Platforms.ActiveCfg = Debug SSL|Win32
		{F7FBA1F1-0B8F-4C1D-A9C9-666A1051DDB1}.Debug SSL|Mixed Platforms.Build.0 = Debug SSL|Win32
		{F7FBA1F1-0B8F-4C1D-A9C9-666A1051DDB1}.Debug SSL|Win32.ActiveCfg = Debug SSL|Win32
		{F7FBA1F1-0B8F-4C1D-A9C9-666A1051DDB1}.Debug SSL|Win32.Build.0 = Debug SSL|Win32
		{F7FBA1F1-0B8F-4C1D-A9C9-666A1051DDB1}.Debug|Any CPU.ActiveCfg = Debug|Win32
		{F7FBA1F1-0B8F-4C1D-A9C9-666A1051DDB1}.Debug|Mixed Platforms.ActiveCfg = Debug|Win32
		{F7FBA1F1-0B8F-4C1D-A9C9-666A1051DDB1}.Debug|Mixed Platforms.Build.0 = Debug|Win32
		{F7FBA1F1-0B8F-4C1D-A9C9-666A1051DDB1}.Debug|Win32.ActiveCfg = Debug|Win32
		{F7FBA1F1-0B8F-4C1D-A9C9-666A1051DDB1}.Debug|Win32.Build.0 = Debug|Win32
		{F7FBA1F1-0B8F-4C1D-A9C9-666A1051DDB1}.Release Min Dependency|Any CPU.ActiveCfg = Release SSL|Win32
		{F7FBA1F1-0B8F-4C1D-A9C9-666A1051DDB1}.Release Min Dependency|Mixed Platforms.ActiveCfg = Release SSL|Win32
		{F7FBA1F1-0B8F-4C1D-A9C9-666A1051DDB1}.Release Min Dependency|Mixed Platforms.Build.0 = Release SSL|Win32
		{F7FBA1F1-0B8F-4C1D-A9C9-666A1051DDB1}.Release Min Dependency|Win32.ActiveCfg = Release SSL|Win32
		{F7FBA1F1-0B8F-4C1D-A9C9-666A1051DDB1}.Release Min Dependency|Win32.Build.0 = Release SSL|Win32
		{F7FBA1F1-0B8F-4C1D-A9C9-666A1051DDB1}.Release SSL Min Dependency|Any CPU.ActiveCfg = Release SSL|Win32
		{F7FBA1F1-0B8F-4C1D-A9C9-666A1051DDB1}.Release SSL Min Dependency|Mixed Platforms.ActiveCfg = Release SSL|Win32
		{F7FBA1F1-0B8F-4C1D-A9C9-666A1051DDB1}.Release SSL Min Dependency|Mixed Platforms.Build.0 = Release SSL|Win32
		{F7FBA1F1-0B8F-4C1D-A9C9-666A1051DDB1}.Release SSL Min Dependency|Win32.ActiveCfg = Release SSL|Win32
		{F7FBA1F1-0B8F-4C1D-A9C9-666A1051DDB1}.Release SSL Min Dependency|Win32.Build.0 = Release SSL|Win32
		{F7FBA1F1-0B8F-4C1D-A9C9-666A1051DDB1}.Release SSL|Any CPU.ActiveCfg = Release SSL|Win32
		{F7FBA1F1-0B8F-4C1D-A9C9-666A1051DDB1}.Release SSL|Mixed Platforms.ActiveCfg = Release SSL|Win32
		{F7FBA1F1-0B8F-4C1D-A9C9-666A1051DDB1}.Release SSL|Mixed Platforms.Build.0 = Release SSL|Win32
		{F7FBA1F1-0B8F-4C1D-A9C9-666A1051DDB1}.Release SSL|Win32.ActiveCfg = Release SSL|Win32
		{F7FBA1F1-0B8F-4C1D-A9C9-666A1051DDB1}.Release SSL|Win32.Build.0 = Release SSL|Win32
		{F7FBA1F1-0B8F-4C1D-A9C9-666A1051DDB1}.Release|Any CPU.ActiveCfg = Release|Win32
		{F7FBA1F1-0B8F-4C1D-A9C9-666A1051DDB1}.Release|Mixed Platforms.ActiveCfg = Release|Win32
		{F7FBA1F1-0B8F-4C1D-A9C9-666A1051DDB1}.Release|Mixed Platforms.Build.0 = Release|Win32
		{F7FBA1F1-0B8F-4C1D-A9C9-666A1051DDB1}.Release|Win32.ActiveCfg = Release|Win32
		{F7FBA1F1-0B8F-4C1D-A9C9-666A1051DDB1}.Release|Win32.Build.0 = Release|Win32
		{3D61D70A-B474-4DC3-B242-35176BB17666}.Debug Min Dependency|Any CPU.ActiveCfg = Debug SSL|Win32
		{3D61D70A-B474-4DC3-B242-35176BB17666}.Debug Min Dependency|Mixed Platforms.ActiveCfg = Debug SSL|Win32
		{3D61D70A-B474-4DC3-B242-35176BB17666}.Debug Min Dependency|Mixed Platforms.Build.0 = Debug SSL|Win32
		{3D61D70A-B474-4DC3-B242-35176BB17666}.Debug Min Dependency|Win32.ActiveCfg = Debug SSL|Win32
		{3D61D70A-B474-4DC3-B242-35176BB17666}.Debug Min Dependency|Win32.Build.0 = Debug SSL|Win32
		{3D61D70A-B474-4DC3-B242-35176BB17666}.Debug SSL Min Dependency|Any CPU.ActiveCfg = Debug SSL|Win32
		{3D61D70A-B474-4DC3-B242-35176BB17666}.Debug SSL Min Dependency|Mixed Platforms.ActiveCfg = Debug SSL|Win32
		{3D61D70A-B474-4DC3-B242-35176BB17666}.Debug SSL Min Dependency|Mixed Platforms.Build.0 = Debug SSL|Win32
		{3D61D70A-B474-4DC3-B242-35176BB17666}.Debug SSL Min Dependency|Win32.ActiveCfg = Debug SSL|Win32
		{3D61D70A-B474-4DC3-B242-35176BB17666}.Debug SSL Min Dependency|Win32.Build.0 = Debug SSL|Win32
		{3D61D70A-B474-4DC3-B242-35176BB17666}.Debug SSL|Any CPU.ActiveCfg = Debug SSL|Win32
		{3D61D70A-B474-4DC3-B242-35176BB17666}.Debug SSL|Mixed Platforms.ActiveCfg = Debug SSL|Win32
		{3D61D70A-B474-4DC3-B242-35176BB17666}.Debug SSL|Mixed Platforms.Build.0 = Debug SSL|Win32
		{3D61D70A-B474-4DC3-B242-35176BB17666}.Debug SSL|Win32.ActiveCfg = Debug SSL|Win32
		{3D61D70A-B474-4DC3-B242-35176BB17666}.Debug SSL|Win32.Build.0 = Debug SSL|Win32
		{3D61D70A-B474-4DC3-B242-35176BB17666}.Debug|Any CPU.ActiveCfg = Debug|Win32
		{3D61D70A-B474-4DC3-B242-35176BB17666}.Debug|Mixed Platforms.ActiveCfg = Debug|Win32
		{3D61D70A-B474-4DC3-B242-35176BB17666}.Debug|Mixed Platforms.Build.0 = Debug|Win32
		{3D61D70A-B474-4DC3-B242-35176BB17666}.Debug|Win32.ActiveCfg = Debug|Win32
		{3D61D70A-B474-4DC3-B242-35176BB17666}.Debug|Win32.Build.0 = Debug|Win32
		{3D61D70A-B474-4DC3-B242-35176BB17666}.Release Min Dependency|Any CPU.ActiveCfg = Release SSL|Win32
		{3D61D70A-B474-4DC3-B242-35176BB17666}.Release Min Dependency|Mixed Platforms.ActiveCfg = Release SSL|Win32
		{3D61D70A-B474-4DC3-B242-35176BB17666}.Release Min Dependency|Mixed Platforms.Build.0 = Release SSL|Win32
		{3D61D70A-B474-4DC3-B242-35176BB17666}.Release Min Dependency|Win32.ActiveCfg = Release SSL|Win32
		{3D61D70A-B474-4DC3-B242-35176BB17666}.Release Min Dependency|Win32.Build.0 = Release SSL|Win32
		{3D61D70A-B474-4DC3-B242-35176BB17666}.Release SSL Min Dependency|Any CPU.ActiveCfg = Release SSL|Win32
		{3D61D70A-B474-4DC3-B242-35176BB17666}.Release SSL Min Dependency|Mixed Platforms.ActiveCfg = Release SSL|Win32
		{3D61D70A-B474-4DC3-B242-35176BB17666}.Release SSL Min Dependency|Mixed Platforms.Build.0 = Release SSL|Win32
		{3D61D70A-B474-4DC3-B242-35176BB17666}.Release SSL Min Dependency|Win32.ActiveCfg = Release SSL|Win32
		{3D61D70A-B474-4DC3-B242-35176BB17666}.Release SSL Min Dependency|Win32.Build.0 = Release SSL|Win32
		{3D61D70A-B474-4DC3-B242-35176BB17666}.Release SSL|Any CPU.ActiveCfg = Release SSL|Win32
		{3D61D70A-B474-4DC3-B242-35176BB17666}.Release SSL|Mixed Platforms.ActiveCfg = Release SSL|Win32
		{3D61D70A-B474-4DC3-B242-35176BB17666}.Release SSL|Mixed Platforms.Build.0 = Release SSL|Win32
		{3D61D70A-B474-4DC3-B242-35176BB17666}.Release SSL|Win32.ActiveCfg = Release SSL|Win32
		{3D61D70A-B474-4DC3-B242-35176BB17666}.Release SSL|Win32.Build.0 = Release SSL|Win32
		{3D61D70A-B474-4DC3-B242-35176BB17666}.Release|Any CPU.ActiveCfg = Release|Win32
		{3D61D70A-B474-4DC3-B242-35176BB17666}.Release|Mixed Platforms.ActiveCfg = Release|Win32
		{3D61D70A-B474-4DC3-B242-35176BB17666}.Release|Mixed Platforms.Build.0 = Release|Win32
		{3D61D70A-B474-4DC3-B242-35176BB17666}.Release|Win32.ActiveCfg = Release|Win32
		{3D61D70A-B474-4DC3-B242-35176BB17666}.Release|Win32.Build.0 = Release|Win32
	EndGlobalSection
	GlobalSection(SolutionProperties) = preSolution
		HideSolutionNode = FALSE
	EndGlobalSection
EndGlobal
